github.com/joho/godotenv v1.5.1 h1:7eLL/+HRGLY0ldzfGMeQkb7vMd0as4CfYvUVzLqw0N0=
github.com/joho/godotenv v1.5.1/go.mod h1:f4LDr5Voq0i2e/R5DDNOoa2zzDfwtkZa6DnEwAbqwq4=
golang.org/x/crypto v0.40.0 h1:r4x+VvoG5Fm+eJcxMaY8CQM7Lb0l1lsmjGBQ6s8BfKM=
golang.org/x/crypto v0.40.0/go.mod h1:Qr1vMER5WyS2dfPHAlsOj01wgLbsyWtFn/aY+5+ZdxY=
pault.ag/go/config v0.0.0-20150901172245-61258af23f12 h1:RvcoHHZI0s6EfGCQyrAHnyKTqzDMedg8R6oMkg5N9T8=
pault.ag/go/config v0.0.0-20150901172245-61258af23f12/go.mod h1:ohAs84djpvKGB5X9DREHIdCi++qSgB8uTtX7WZjw8O4=
pault.ag/go/debian v0.19.0 h1:RUxCjScMbnlqFH5I+qsmyjZH8fXXtQ05rlkMJop3tjo=
pault.ag/go/debian v0.19.0/go.mod h1:1LMojDAazlJ7cA5Ne6H2ZHD4hh3o8NRiW+MpvQRji2o=
pault.ag/go/mailer v0.0.0-20150908060819-9d579f3e403d h1:4wRDp30Sx5riy1DAr5Eq95y1kz8tq0zYtUowNH/4AOE=
pault.ag/go/mailer v0.0.0-20150908060819-9d579f3e403d/go.mod h1:OvYPOdWjYFPqCk6OoCemDRYB5oxgu1SnD9ihWYJnM5M=
pault.ag/go/topsort v0.1.1 h1:L0QnhUly6LmTv0e3DEzbN2q6/FGgAcQvaEw65S53Bg4=
pault.ag/go/topsort v0.1.1/go.mod h1:r1kc/L0/FZ3HhjezBIPaNVhkqv8L0UJ9bxRuHRVZ0q4=
